
Microsoft Visual Studio Solution File, Format Version 12.00
# Visual Studio Version 17
VisualStudioVersion = 17.7.34221.43
MinimumVisualStudioVersion = 10.0.40219.1
Project("{2150E333-8FDC-42A3-9474-1A3956D46DE8}") = "TacticalPattern", "TacticalPattern", "{9A915C4A-19AB-4A02-9CE4-D2F120FCD834}"
EndProject
Project("{2150E333-8FDC-42A3-9474-1A3956D46DE8}") = "StrategicPattern", "StrategicPattern", "{39DA6B2A-12D0-4C60-A044-5B4C318C86C1}"
EndProject
Project("{9A19103F-16F7-4668-BE54-9A1E7A4F7556}") = "DomainDrivenDesign.TacticalPattern.Entity", "DomainDrivenDesign.TacticalPattern.Entity\DomainDrivenDesign.TacticalPattern.Entity.csproj", "{172766B7-BE6F-4F18-84E7-D559EBDECBA7}"
EndProject
Project("{FAE04EC0-301F-11D3-BF4B-00C04F79EFBC}") = "DomainDrivenDesign.TacticalPattern.ValueObject", "DomainDrivenDesign.TacticalPattern.ValueObject\DomainDrivenDesign.TacticalPattern.ValueObject.csproj", "{B15A7B65-732F-4521-A5F9-22A8820FCA8D}"
EndProject
Project("{2150E333-8FDC-42A3-9474-1A3956D46DE8}") = "Solution Items", "Solution Items", "{CE5E898F-1981-4C50-84B6-B1059C7FB065}"
	ProjectSection(SolutionItems) = preProject
		..\..\Users\taner\OneDrive\Masaüstü\Domain-Driven Design.pptx = ..\..\Users\taner\OneDrive\Masaüstü\Domain-Driven Design.pptx
	EndProjectSection
EndProject
Project("{FAE04EC0-301F-11D3-BF4B-00C04F79EFBC}") = "DomainDrivenDesign.TacticalPattern.Aggregate", "DomainDrivenDesign.TacticalPattern.Aggregate\DomainDrivenDesign.TacticalPattern.Aggregate.csproj", "{300AE1AC-541B-41FF-8E37-D6851256E9EC}"
EndProject
Project("{FAE04EC0-301F-11D3-BF4B-00C04F79EFBC}") = "DomainDrivenDesign.TacticalPattern.DomainEvent", "DomainDrivenDesign.TacticalPattern.DomainEvent\DomainDrivenDesign.TacticalPattern.DomainEvent.csproj", "{EAA1A9E5-F155-4A4A-8FFF-12AF6514933C}"
EndProject
Project("{FAE04EC0-301F-11D3-BF4B-00C04F79EFBC}") = "DomainDrivenDesign.TacticalPattern.Repository", "DomainDrivenDesign.TacticalPattern.Repository\DomainDrivenDesign.TacticalPattern.Repository.csproj", "{7C966B83-92FF-49B9-B87E-892B8C61FDFA}"
EndProject
Project("{FAE04EC0-301F-11D3-BF4B-00C04F79EFBC}") = "DomainDrivenDesign.TacticalPattern.Factory", "DomainDrivenDesign.TacticalPattern.Factory\DomainDrivenDesign.TacticalPattern.Factory.csproj", "{58C6655E-8152-4D09-94F8-B17F6639982D}"
EndProject
Project("{FAE04EC0-301F-11D3-BF4B-00C04F79EFBC}") = "DomainDrivenDesign.TacticalPattern.Service", "DomainDrivenDesign.TacticalPattern.Service\DomainDrivenDesign.TacticalPattern.Service.csproj", "{D2DEF3D4-2760-4062-942C-807EF22386E7}"
EndProject
Project("{FAE04EC0-301F-11D3-BF4B-00C04F79EFBC}") = "DomainDrivenDesign.TacticalPattern.Specification", "DomainDrivenDesign.TacticalPattern.Specification\DomainDrivenDesign.TacticalPattern.Specification.csproj", "{E59897DD-F9B4-415F-A34E-39025A7F914F}"
EndProject
Project("{FAE04EC0-301F-11D3-BF4B-00C04F79EFBC}") = "DomainDrivenDesign.StrategicPattern.BoundedContent", "DomainDrivenDesign.StrategicPattern.BoundedContent\DomainDrivenDesign.StrategicPattern.BoundedContent.csproj", "{D90058F9-150C-49D4-94F5-B7A5CE11A464}"
EndProject
Project("{FAE04EC0-301F-11D3-BF4B-00C04F79EFBC}") = "DomainDrivenDesign.StrategicPattern.SubDomain", "DomainDrivenDesign.StrategicPattern.SubDomain\DomainDrivenDesign.StrategicPattern.SubDomain.csproj", "{5EC2A13C-59BE-4670-B42F-C926F81918EE}"
EndProject
Project("{FAE04EC0-301F-11D3-BF4B-00C04F79EFBC}") = "DomainDrivenDesign.StrategicPattern.CoreDomain", "DomainDrivenDesign.StrategicPattern.CoreDomain\DomainDrivenDesign.StrategicPattern.CoreDomain.csproj", "{6EF01AE3-293E-4B0D-8D98-414CC514ABDE}"
EndProject
Project("{FAE04EC0-301F-11D3-BF4B-00C04F79EFBC}") = "DomainDrivenDesign.StrategicPattern.SharedKernel", "DomainDrivenDesign.StrategicPattern.SharedKernel\DomainDrivenDesign.StrategicPattern.SharedKernel.csproj", "{D9A19F90-5EBB-4036-8721-4A0FB4CA6ECF}"
EndProject
Global
	GlobalSection(SolutionConfigurationPlatforms) = preSolution
		Debug|Any CPU = Debug|Any CPU
		Release|Any CPU = Release|Any CPU
	EndGlobalSection
	GlobalSection(ProjectConfigurationPlatforms) = postSolution
		{172766B7-BE6F-4F18-84E7-D559EBDECBA7}.Debug|Any CPU.ActiveCfg = Debug|Any CPU
		{172766B7-BE6F-4F18-84E7-D559EBDECBA7}.Debug|Any CPU.Build.0 = Debug|Any CPU
		{172766B7-BE6F-4F18-84E7-D559EBDECBA7}.Release|Any CPU.ActiveCfg = Release|Any CPU
		{172766B7-BE6F-4F18-84E7-D559EBDECBA7}.Release|Any CPU.Build.0 = Release|Any CPU
		{B15A7B65-732F-4521-A5F9-22A8820FCA8D}.Debug|Any CPU.ActiveCfg = Debug|Any CPU
		{B15A7B65-732F-4521-A5F9-22A8820FCA8D}.Debug|Any CPU.Build.0 = Debug|Any CPU
		{B15A7B65-732F-4521-A5F9-22A8820FCA8D}.Release|Any CPU.ActiveCfg = Release|Any CPU
		{B15A7B65-732F-4521-A5F9-22A8820FCA8D}.Release|Any CPU.Build.0 = Release|Any CPU
		{300AE1AC-541B-41FF-8E37-D6851256E9EC}.Debug|Any CPU.ActiveCfg = Debug|Any CPU
		{300AE1AC-541B-41FF-8E37-D6851256E9EC}.Debug|Any CPU.Build.0 = Debug|Any CPU
		{300AE1AC-541B-41FF-8E37-D6851256E9EC}.Release|Any CPU.ActiveCfg = Release|Any CPU
		{300AE1AC-541B-41FF-8E37-D6851256E9EC}.Release|Any CPU.Build.0 = Release|Any CPU
		{EAA1A9E5-F155-4A4A-8FFF-12AF6514933C}.Debug|Any CPU.ActiveCfg = Debug|Any CPU
		{EAA1A9E5-F155-4A4A-8FFF-12AF6514933C}.Debug|Any CPU.Build.0 = Debug|Any CPU
		{EAA1A9E5-F155-4A4A-8FFF-12AF6514933C}.Release|Any CPU.ActiveCfg = Release|Any CPU
		{EAA1A9E5-F155-4A4A-8FFF-12AF6514933C}.Release|Any CPU.Build.0 = Release|Any CPU
		{7C966B83-92FF-49B9-B87E-892B8C61FDFA}.Debug|Any CPU.ActiveCfg = Debug|Any CPU
		{7C966B83-92FF-49B9-B87E-892B8C61FDFA}.Debug|Any CPU.Build.0 = Debug|Any CPU
		{7C966B83-92FF-49B9-B87E-892B8C61FDFA}.Release|Any CPU.ActiveCfg = Release|Any CPU
		{7C966B83-92FF-49B9-B87E-892B8C61FDFA}.Release|Any CPU.Build.0 = Release|Any CPU
		{58C6655E-8152-4D09-94F8-B17F6639982D}.Debug|Any CPU.ActiveCfg = Debug|Any CPU
		{58C6655E-8152-4D09-94F8-B17F6639982D}.Debug|Any CPU.Build.0 = Debug|Any CPU
		{58C6655E-8152-4D09-94F8-B17F6639982D}.Release|Any CPU.ActiveCfg = Release|Any CPU
		{58C6655E-8152-4D09-94F8-B17F6639982D}.Release|Any CPU.Build.0 = Release|Any CPU
		{D2DEF3D4-2760-4062-942C-807EF22386E7}.Debug|Any CPU.ActiveCfg = Debug|Any CPU
		{D2DEF3D4-2760-4062-942C-807EF22386E7}.Debug|Any CPU.Build.0 = Debug|Any CPU
		{D2DEF3D4-2760-4062-942C-807EF22386E7}.Release|Any CPU.ActiveCfg = Release|Any CPU
		{D2DEF3D4-2760-4062-942C-807EF22386E7}.Release|Any CPU.Build.0 = Release|Any CPU
		{E59897DD-F9B4-415F-A34E-39025A7F914F}.Debug|Any CPU.ActiveCfg = Debug|Any CPU
		{E59897DD-F9B4-415F-A34E-39025A7F914F}.Debug|Any CPU.Build.0 = Debug|Any CPU
		{E59897DD-F9B4-415F-A34E-39025A7F914F}.Release|Any CPU.ActiveCfg = Release|Any CPU
		{E59897DD-F9B4-415F-A34E-39025A7F914F}.Release|Any CPU.Build.0 = Release|Any CPU
		{D90058F9-150C-49D4-94F5-B7A5CE11A464}.Debug|Any CPU.ActiveCfg = Debug|Any CPU
		{D90058F9-150C-49D4-94F5-B7A5CE11A464}.Debug|Any CPU.Build.0 = Debug|Any CPU
		{D90058F9-150C-49D4-94F5-B7A5CE11A464}.Release|Any CPU.ActiveCfg = Release|Any CPU
		{D90058F9-150C-49D4-94F5-B7A5CE11A464}.Release|Any CPU.Build.0 = Release|Any CPU
		{5EC2A13C-59BE-4670-B42F-C926F81918EE}.Debug|Any CPU.ActiveCfg = Debug|Any CPU
		{5EC2A13C-59BE-4670-B42F-C926F81918EE}.Debug|Any CPU.Build.0 = Debug|Any CPU
		{5EC2A13C-59BE-4670-B42F-C926F81918EE}.Release|Any CPU.ActiveCfg = Release|Any CPU
		{5EC2A13C-59BE-4670-B42F-C926F81918EE}.Release|Any CPU.Build.0 = Release|Any CPU
		{6EF01AE3-293E-4B0D-8D98-414CC514ABDE}.Debug|Any CPU.ActiveCfg = Debug|Any CPU
		{6EF01AE3-293E-4B0D-8D98-414CC514ABDE}.Debug|Any CPU.Build.0 = Debug|Any CPU
		{6EF01AE3-293E-4B0D-8D98-414CC514ABDE}.Release|Any CPU.ActiveCfg = Release|Any CPU
		{6EF01AE3-293E-4B0D-8D98-414CC514ABDE}.Release|Any CPU.Build.0 = Release|Any CPU
		{D9A19F90-5EBB-4036-8721-4A0FB4CA6ECF}.Debug|Any CPU.ActiveCfg = Debug|Any CPU
		{D9A19F90-5EBB-4036-8721-4A0FB4CA6ECF}.Debug|Any CPU.Build.0 = Debug|Any CPU
		{D9A19F90-5EBB-4036-8721-4A0FB4CA6ECF}.Release|Any CPU.ActiveCfg = Release|Any CPU
		{D9A19F90-5EBB-4036-8721-4A0FB4CA6ECF}.Release|Any CPU.Build.0 = Release|Any CPU
	EndGlobalSection
	GlobalSection(SolutionProperties) = preSolution
		HideSolutionNode = FALSE
	EndGlobalSection
	GlobalSection(NestedProjects) = preSolution
		{172766B7-BE6F-4F18-84E7-D559EBDECBA7} = {9A915C4A-19AB-4A02-9CE4-D2F120FCD834}
		{B15A7B65-732F-4521-A5F9-22A8820FCA8D} = {9A915C4A-19AB-4A02-9CE4-D2F120FCD834}
		{300AE1AC-541B-41FF-8E37-D6851256E9EC} = {9A915C4A-19AB-4A02-9CE4-D2F120FCD834}
		{EAA1A9E5-F155-4A4A-8FFF-12AF6514933C} = {9A915C4A-19AB-4A02-9CE4-D2F120FCD834}
		{7C966B83-92FF-49B9-B87E-892B8C61FDFA} = {9A915C4A-19AB-4A02-9CE4-D2F120FCD834}
		{58C6655E-8152-4D09-94F8-B17F6639982D} = {9A915C4A-19AB-4A02-9CE4-D2F120FCD834}
		{D2DEF3D4-2760-4062-942C-807EF22386E7} = {9A915C4A-19AB-4A02-9CE4-D2F120FCD834}
		{E59897DD-F9B4-415F-A34E-39025A7F914F} = {9A915C4A-19AB-4A02-9CE4-D2F120FCD834}
		{D90058F9-150C-49D4-94F5-B7A5CE11A464} = {39DA6B2A-12D0-4C60-A044-5B4C318C86C1}
		{5EC2A13C-59BE-4670-B42F-C926F81918EE} = {39DA6B2A-12D0-4C60-A044-5B4C318C86C1}
		{6EF01AE3-293E-4B0D-8D98-414CC514ABDE} = {39DA6B2A-12D0-4C60-A044-5B4C318C86C1}
		{D9A19F90-5EBB-4036-8721-4A0FB4CA6ECF} = {39DA6B2A-12D0-4C60-A044-5B4C318C86C1}
	EndGlobalSection
	GlobalSection(ExtensibilityGlobals) = postSolution
		SolutionGuid = {65F9D4F6-7B8B-4C6C-A663-BA1E032FE7A4}
	EndGlobalSection
EndGlobal
